
Microsoft Visual Studio Solution File, Format Version 12.00
# Visual Studio Version 16
VisualStudioVersion = 16.0.31911.196
MinimumVisualStudioVersion = 10.0.40219.1
Project("{FAE04EC0-301F-11D3-BF4B-00C04F79EFBC}") = "LogisticRegression", "LogisticRegression\LogisticRegression.csproj", "{3EA37AC8-1E57-417E-85EE-96B813C76A07}"
EndProject
Global
	GlobalSection(SolutionConfigurationPlatforms) = preSolution
		Debug|Any CPU = Debug|Any CPU
		Release|Any CPU = Release|Any CPU
	EndGlobalSection
	GlobalSection(ProjectConfigurationPlatforms) = postSolution
		{3EA37AC8-1E57-417E-85EE-96B813C76A07}.Debug|Any CPU.ActiveCfg = Debug|Any CPU
		{3EA37AC8-1E57-417E-85EE-96B813C76A07}.Debug|Any CPU.Build.0 = Debug|Any CPU
		{3EA37AC8-1E57-417E-85EE-96B813C76A07}.Release|Any CPU.ActiveCfg = Release|Any CPU
		{3EA37AC8-1E57-417E-85EE-96B813C76A07}.Release|Any CPU.Build.0 = Release|Any CPU
	EndGlobalSection
	GlobalSection(SolutionProperties) = preSolution
		HideSolutionNode = FALSE
	EndGlobalSection
	GlobalSection(ExtensibilityGlobals) = postSolution
		SolutionGuid = {E0353E04-BEF0-484E-8A19-8267319DAEA4}
	EndGlobalSection
EndGlobal
